
Microsoft Visual Studio Solution File, Format Version 12.00
Project("{FAE04EC0-301F-11D3-BF4B-00C04F79EFBC}") = "StoreApi", "StoreApi\StoreApi.csproj", "{EFD2E107-5045-4E59-9EBD-2B5FF0E6EC26}"
EndProject
Global
	GlobalSection(SolutionConfigurationPlatforms) = preSolution
		Debug|Any CPU = Debug|Any CPU
		Release|Any CPU = Release|Any CPU
	EndGlobalSection
	GlobalSection(ProjectConfigurationPlatforms) = postSolution
		{EFD2E107-5045-4E59-9EBD-2B5FF0E6EC26}.Debug|Any CPU.ActiveCfg = Debug|Any CPU
		{EFD2E107-5045-4E59-9EBD-2B5FF0E6EC26}.Debug|Any CPU.Build.0 = Debug|Any CPU
		{EFD2E107-5045-4E59-9EBD-2B5FF0E6EC26}.Release|Any CPU.ActiveCfg = Release|Any CPU
		{EFD2E107-5045-4E59-9EBD-2B5FF0E6EC26}.Release|Any CPU.Build.0 = Release|Any CPU
	EndGlobalSection
EndGlobal
